// !$*UTF8*$!
{
	archiveVersion = 1;
	classes = {
	};
	objectVersion = 50;
	objects = {

/* Begin PBXBuildFile section */
		B4BEFF7C24CF34A2004DB495 /* AppDelegate.swift in Sources */ = {isa = PBXBuildFile; fileRef = B4BEFF7B24CF34A2004DB495 /* AppDelegate.swift */; };
		B4BEFF7E24CF34A2004DB495 /* SceneDelegate.swift in Sources */ = {isa = PBXBuildFile; fileRef = B4BEFF7D24CF34A2004DB495 /* SceneDelegate.swift */; };
		B4BEFF8024CF34A2004DB495 /* MovieViewController.swift in Sources */ = {isa = PBXBuildFile; fileRef = B4BEFF7F24CF34A2004DB495 /* MovieViewController.swift */; };
		B4BEFF8324CF34A2004DB495 /* Main.storyboard in Resources */ = {isa = PBXBuildFile; fileRef = B4BEFF8124CF34A2004DB495 /* Main.storyboard */; };
		B4BEFF8524CF34A9004DB495 /* Assets.xcassets in Resources */ = {isa = PBXBuildFile; fileRef = B4BEFF8424CF34A9004DB495 /* Assets.xcassets */; };
		B4BEFF8824CF34A9004DB495 /* LaunchScreen.storyboard in Resources */ = {isa = PBXBuildFile; fileRef = B4BEFF8624CF34A9004DB495 /* LaunchScreen.storyboard */; };
		B4BEFF9024CF4258004DB495 /* Extensions.swift in Sources */ = {isa = PBXBuildFile; fileRef = B4BEFF8F24CF4258004DB495 /* Extensions.swift */; };
		B4FCA83624D07DCF0057611E /* MoviePlayViewController.swift in Sources */ = {isa = PBXBuildFile; fileRef = B4FCA83524D07DCF0057611E /* MoviePlayViewController.swift */; };
/* End PBXBuildFile section */

/* Begin PBXFileReference section */
		B4BEFF7824CF34A2004DB495 /* Video Cube.app */ = {isa = PBXFileReference; explicitFileType = wrapper.application; includeInIndex = 0; path = "Video Cube.app"; sourceTree = BUILT_PRODUCTS_DIR; };
		B4BEFF7B24CF34A2004DB495 /* AppDelegate.swift */ = {isa = PBXFileReference; lastKnownFileType = sourcecode.swift; path = AppDelegate.swift; sourceTree = "<group>"; };
		B4BEFF7D24CF34A2004DB495 /* SceneDelegate.swift */ = {isa = PBXFileReference; lastKnownFileType = sourcecode.swift; path = SceneDelegate.swift; sourceTree = "<group>"; };
		B4BEFF7F24CF34A2004DB495 /* MovieViewController.swift */ = {isa = PBXFileReference; lastKnownFileType = sourcecode.swift; path = MovieViewController.swift; sourceTree = "<group>"; };
		B4BEFF8224CF34A2004DB495 /* Base */ = {isa = PBXFileReference; lastKnownFileType = file.storyboard; name = Base; path = Base.lproj/Main.storyboard; sourceTree = "<group>"; };
		B4BEFF8424CF34A9004DB495 /* Assets.xcassets */ = {isa = PBXFileReference; lastKnownFileType = folder.assetcatalog; path = Assets.xcassets; sourceTree = "<group>"; };
		B4BEFF8724CF34A9004DB495 /* Base */ = {isa = PBXFileReference; lastKnownFileType = file.storyboard; name = Base; path = Base.lproj/LaunchScreen.storyboard; sourceTree = "<group>"; };
		B4BEFF8924CF34A9004DB495 /* Info.plist */ = {isa = PBXFileReference; lastKnownFileType = text.plist.xml; path = Info.plist; sourceTree = "<group>"; };
		B4BEFF8F24CF4258004DB495 /* Extensions.swift */ = {isa = PBXFileReference; lastKnownFileType = sourcecode.swift; path = Extensions.swift; sourceTree = "<group>"; };
		B4FCA83524D07DCF0057611E /* MoviePlayViewController.swift */ = {isa = PBXFileReference; lastKnownFileType = sourcecode.swift; path = MoviePlayViewController.swift; sourceTree = "<group>"; };
/* End PBXFileReference section */

/* Begin PBXFrameworksBuildPhase section */
		B4BEFF7524CF34A2004DB495 /* Frameworks */ = {
			isa = PBXFrameworksBuildPhase;
			buildActionMask = 2147483647;
			files = (
			);
			runOnlyForDeploymentPostprocessing = 0;
		};
/* End PBXFrameworksBuildPhase section */

/* Begin PBXGroup section */
		0D3A41E424DB2A47002D8538 /* App Delegates */ = {
			isa = PBXGroup;
			children = (
				B4BEFF7B24CF34A2004DB495 /* AppDelegate.swift */,
				B4BEFF7D24CF34A2004DB495 /* SceneDelegate.swift */,
			);
			path = "App Delegates";
			sourceTree = "<group>";
		};
		0D3A41E624DB2A72002D8538 /* Views */ = {
			isa = PBXGroup;
			children = (
				B4BEFF8124CF34A2004DB495 /* Main.storyboard */,
				B4BEFF8624CF34A9004DB495 /* LaunchScreen.storyboard */,
			);
			path = Views;
			sourceTree = "<group>";
		};
		0D3A41E724DB2CDC002D8538 /* Controllers */ = {
			isa = PBXGroup;
			children = (
				B4BEFF7F24CF34A2004DB495 /* MovieViewController.swift */,
				B4FCA83524D07DCF0057611E /* MoviePlayViewController.swift */,
			);
			path = Controllers;
			sourceTree = "<group>";
		};
		0D3A41E824DB2D0C002D8538 /* Source */ = {
			isa = PBXGroup;
			children = (
				0D3A41E624DB2A72002D8538 /* Views */,
				0D3A41E724DB2CDC002D8538 /* Controllers */,
			);
			path = Source;
			sourceTree = "<group>";
		};
		0D3A41E924DB2D31002D8538 /* Supporting Files */ = {
			isa = PBXGroup;
			children = (
				B4BEFF8424CF34A9004DB495 /* Assets.xcassets */,
				B4BEFF8F24CF4258004DB495 /* Extensions.swift */,
			);
			path = "Supporting Files";
			sourceTree = "<group>";
		};
		B4BEFF6F24CF34A2004DB495 = {
			isa = PBXGroup;
			children = (
				B4BEFF7A24CF34A2004DB495 /* MovieApp */,
				B4BEFF7924CF34A2004DB495 /* Products */,
			);
			sourceTree = "<group>";
		};
		B4BEFF7924CF34A2004DB495 /* Products */ = {
			isa = PBXGroup;
			children = (
				B4BEFF7824CF34A2004DB495 /* Video Cube.app */,
			);
			name = Products;
			sourceTree = "<group>";
		};
		B4BEFF7A24CF34A2004DB495 /* MovieApp */ = {
			isa = PBXGroup;
			children = (
				0D3A41E424DB2A47002D8538 /* App Delegates */,
				0D3A41E824DB2D0C002D8538 /* Source */,
				0D3A41E924DB2D31002D8538 /* Supporting Files */,
				B4BEFF8924CF34A9004DB495 /* Info.plist */,
			);
			path = MovieApp;
			sourceTree = "<group>";
		};
/* End PBXGroup section */

/* Begin PBXNativeTarget section */
		B4BEFF7724CF34A2004DB495 /* MovieApp */ = {
			isa = PBXNativeTarget;
			buildConfigurationList = B4BEFF8C24CF34A9004DB495 /* Build configuration list for PBXNativeTarget "MovieApp" */;
			buildPhases = (
				B4BEFF7424CF34A2004DB495 /* Sources */,
				B4BEFF7524CF34A2004DB495 /* Frameworks */,
				B4BEFF7624CF34A2004DB495 /* Resources */,
			);
			buildRules = (
			);
			dependencies = (
			);
			name = MovieApp;
			productName = MovieApp;
			productReference = B4BEFF7824CF34A2004DB495 /* Video Cube.app */;
			productType = "com.apple.product-type.application";
		};
/* End PBXNativeTarget section */

/* Begin PBXProject section */
		B4BEFF7024CF34A2004DB495 /* Project object */ = {
			isa = PBXProject;
			attributes = {
				LastSwiftUpdateCheck = 1130;
				LastUpgradeCheck = 1130;
				ORGANIZATIONNAME = Hamza;
				TargetAttributes = {
					B4BEFF7724CF34A2004DB495 = {
						CreatedOnToolsVersion = 11.3.1;
					};
				};
			};
			buildConfigurationList = B4BEFF7324CF34A2004DB495 /* Build configuration list for PBXProject "MovieApp" */;
			compatibilityVersion = "Xcode 9.3";
			developmentRegion = en;
			hasScannedForEncodings = 0;
			knownRegions = (
				en,
				Base,
			);
			mainGroup = B4BEFF6F24CF34A2004DB495;
			productRefGroup = B4BEFF7924CF34A2004DB495 /* Products */;
			projectDirPath = "";
			projectRoot = "";
			targets = (
				B4BEFF7724CF34A2004DB495 /* MovieApp */,
			);
		};
/* End PBXProject section */

/* Begin PBXResourcesBuildPhase section */
		B4BEFF7624CF34A2004DB495 /* Resources */ = {
			isa = PBXResourcesBuildPhase;
			buildActionMask = 2147483647;
			files = (
				B4BEFF8824CF34A9004DB495 /* LaunchScreen.storyboard in Resources */,
				B4BEFF8524CF34A9004DB495 /* Assets.xcassets in Resources */,
				B4BEFF8324CF34A2004DB495 /* Main.storyboard in Resources */,
			);
			runOnlyForDeploymentPostprocessing = 0;
		};
/* End PBXResourcesBuildPhase section */

/* Begin PBXSourcesBuildPhase section */
		B4BEFF7424CF34A2004DB495 /* Sources */ = {
			isa = PBXSourcesBuildPhase;
			buildActionMask = 2147483647;
			files = (
				B4BEFF8024CF34A2004DB495 /* MovieViewController.swift in Sources */,
				B4FCA83624D07DCF0057611E /* MoviePlayViewController.swift in Sources */,
				B4BEFF7C24CF34A2004DB495 /* AppDelegate.swift in Sources */,
				B4BEFF7E24CF34A2004DB495 /* SceneDelegate.swift in Sources */,
				B4BEFF9024CF4258004DB495 /* Extensions.swift in Sources */,
			);
			runOnlyForDeploymentPostprocessing = 0;
		};
/* End PBXSourcesBuildPhase section */

/* Begin PBXVariantGroup section */
		B4BEFF8124CF34A2004DB495 /* Main.storyboard */ = {
			isa = PBXVariantGroup;
			children = (
				B4BEFF8224CF34A2004DB495 /* Base */,
			);
			name = Main.storyboard;
			sourceTree = "<group>";
		};
		B4BEFF8624CF34A9004DB495 /* LaunchScreen.storyboard */ = {
			isa = PBXVariantGroup;
			children = (
				B4BEFF8724CF34A9004DB495 /* Base */,
			);
			name = LaunchScreen.storyboard;
			sourceTree = "<group>";
		};
/* End PBXVariantGroup section */

/* Begin XCBuildConfiguration section */
		B4BEFF8A24CF34A9004DB495 /* Debug */ = {
			isa = XCBuildConfiguration;
			buildSettings = {
				ALWAYS_SEARCH_USER_PATHS = NO;
				CLANG_ANALYZER_NONNULL = YES;
				CLANG_ANALYZER_NUMBER_OBJECT_CONVERSION = YES_AGGRESSIVE;
				CLANG_CXX_LANGUAGE_STANDARD = "gnu++14";
				CLANG_CXX_LIBRARY = "libc++";
				CLANG_ENABLE_MODULES = YES;
				CLANG_ENABLE_OBJC_ARC = YES;
				CLANG_ENABLE_OBJC_WEAK = YES;
				CLANG_WARN_BLOCK_CAPTURE_AUTORELEASING = YES;
				CLANG_WARN_BOOL_CONVERSION = YES;
				CLANG_WARN_COMMA = YES;
				CLANG_WARN_CONSTANT_CONVERSION = YES;
				CLANG_WARN_DEPRECATED_OBJC_IMPLEMENTATIONS = YES;
				CLANG_WARN_DIRECT_OBJC_ISA_USAGE = YES_ERROR;
				CLANG_WARN_DOCUMENTATION_COMMENTS = YES;
				CLANG_WARN_EMPTY_BODY = YES;
				CLANG_WARN_ENUM_CONVERSION = YES;
				CLANG_WARN_INFINITE_RECURSION = YES;
				CLANG_WARN_INT_CONVERSION = YES;
				CLANG_WARN_NON_LITERAL_NULL_CONVERSION = YES;
				CLANG_WARN_OBJC_IMPLICIT_RETAIN_SELF = YES;
				CLANG_WARN_OBJC_LITERAL_CONVERSION = YES;
				CLANG_WARN_OBJC_ROOT_CLASS = YES_ERROR;
				CLANG_WARN_RANGE_LOOP_ANALYSIS = YES;
				CLANG_WARN_STRICT_PROTOTYPES = YES;
				CLANG_WARN_SUSPICIOUS_MOVE = YES;
				CLANG_WARN_UNGUARDED_AVAILABILITY = YES_AGGRESSIVE;
				CLANG_WARN_UNREACHABLE_CODE = YES;
				CLANG_WARN__DUPLICATE_METHOD_MATCH = YES;
				COPY_PHASE_STRIP = NO;
				DEBUG_INFORMATION_FORMAT = dwarf;
				ENABLE_STRICT_OBJC_MSGSEND = YES;
				ENABLE_TESTABILITY = YES;
				GCC_C_LANGUAGE_STANDARD = gnu11;
				GCC_DYNAMIC_NO_PIC = NO;
				GCC_NO_COMMON_BLOCKS = YES;
				GCC_OPTIMIZATION_LEVEL = 0;
				GCC_PREPROCESSOR_DEFINITIONS = (
					"DEBUG=1",
					"$(inherited)",
				);
				GCC_WARN_64_TO_32_BIT_CONVERSION = YES;
				GCC_WARN_ABOUT_RETURN_TYPE = YES_ERROR;
				GCC_WARN_UNDECLARED_SELECTOR = YES;
				GCC_WARN_UNINITIALIZED_AUTOS = YES_AGGRESSIVE;
				GCC_WARN_UNUSED_FUNCTION = YES;
				GCC_WARN_UNUSED_VARIABLE = YES;
				IPHONEOS_DEPLOYMENT_TARGET = 13.2;
				MTL_ENABLE_DEBUG_INFO = INCLUDE_SOURCE;
				MTL_FAST_MATH = YES;
				ONLY_ACTIVE_ARCH = YES;
				SDKROOT = iphoneos;
				SWIFT_ACTIVE_COMPILATION_CONDITIONS = DEBUG;
				SWIFT_OPTIMIZATION_LEVEL = "-Onone";
			};
			name = Debug;
		};
		B4BEFF8B24CF34A9004DB495 /* Release */ = {
			isa = XCBuildConfiguration;
			buildSettings = {
				ALWAYS_SEARCH_USER_PATHS = NO;
				CLANG_ANALYZER_NONNULL = YES;
				CLANG_ANALYZER_NUMBER_OBJECT_CONVERSION = YES_AGGRESSIVE;
				CLANG_CXX_LANGUAGE_STANDARD = "gnu++14";
				CLANG_CXX_LIBRARY = "libc++";
				CLANG_ENABLE_MODULES = YES;
				CLANG_ENABLE_OBJC_ARC = YES;
				CLANG_ENABLE_OBJC_WEAK = YES;
				CLANG_WARN_BLOCK_CAPTURE_AUTORELEASING = YES;
				CLANG_WARN_BOOL_CONVERSION = YES;
				CLANG_WARN_COMMA = YES;
				CLANG_WARN_CONSTANT_CONVERSION = YES;
				CLANG_WARN_DEPRECATED_OBJC_IMPLEMENTATIONS = YES;
				CLANG_WARN_DIRECT_OBJC_ISA_USAGE = YES_ERROR;
				CLANG_WARN_DOCUMENTATION_COMMENTS = YES;
				CLANG_WARN_EMPTY_BODY = YES;
				CLANG_WARN_ENUM_CONVERSION = YES;
				CLANG_WARN_INFINITE_RECURSION = YES;
				CLANG_WARN_INT_CONVERSION = YES;
				CLANG_WARN_NON_LITERAL_NULL_CONVERSION = YES;
				CLANG_WARN_OBJC_IMPLICIT_RETAIN_SELF = YES;
				CLANG_WARN_OBJC_LITERAL_CONVERSION = YES;
				CLANG_WARN_OBJC_ROOT_CLASS = YES_ERROR;
				CLANG_WARN_RANGE_LOOP_ANALYSIS = YES;
				CLANG_WARN_STRICT_PROTOTYPES = YES;
				CLANG_WARN_SUSPICIOUS_MOVE = YES;
				CLANG_WARN_UNGUARDED_AVAILABILITY = YES_AGGRESSIVE;
				CLANG_WARN_UNREACHABLE_CODE = YES;
				CLANG_WARN__DUPLICATE_METHOD_MATCH = YES;
				COPY_PHASE_STRIP = NO;
				DEBUG_INFORMATION_FORMAT = "dwarf-with-dsym";
				ENABLE_NS_ASSERTIONS = NO;
				ENABLE_STRICT_OBJC_MSGSEND = YES;
				GCC_C_LANGUAGE_STANDARD = gnu11;
				GCC_NO_COMMON_BLOCKS = YES;
				GCC_WARN_64_TO_32_BIT_CONVERSION = YES;
				GCC_WARN_ABOUT_RETURN_TYPE = YES_ERROR;
				GCC_WARN_UNDECLARED_SELECTOR = YES;
				GCC_WARN_UNINITIALIZED_AUTOS = YES_AGGRESSIVE;
				GCC_WARN_UNUSED_FUNCTION = YES;
				GCC_WARN_UNUSED_VARIABLE = YES;
				IPHONEOS_DEPLOYMENT_TARGET = 13.2;
				MTL_ENABLE_DEBUG_INFO = NO;
				MTL_FAST_MATH = YES;
				SDKROOT = iphoneos;
				SWIFT_COMPILATION_MODE = wholemodule;
				SWIFT_OPTIMIZATION_LEVEL = "-O";
				VALIDATE_PRODUCT = YES;
			};
			name = Release;
		};
		B4BEFF8D24CF34A9004DB495 /* Debug */ = {
			isa = XCBuildConfiguration;
			buildSettings = {
				ASSETCATALOG_COMPILER_APPICON_NAME = AppIcon;
				CODE_SIGN_STYLE = Automatic;
				DEVELOPMENT_TEAM = 6BXZLLHFDX;
				INFOPLIST_FILE = MovieApp/Info.plist;
				LD_RUNPATH_SEARCH_PATHS = (
					"$(inherited)",
					"@executable_path/Frameworks",
				);
				PRODUCT_BUNDLE_IDENTIFIER = com.hamza.MovieApp.MovieApp;
				PRODUCT_NAME = "Video Cube";
				SWIFT_VERSION = 5.0;
				TARGETED_DEVICE_FAMILY = "1,2";
			};
			name = Debug;
		};
		B4BEFF8E24CF34A9004DB495 /* Release */ = {
			isa = XCBuildConfiguration;
			buildSettings = {
				ASSETCATALOG_COMPILER_APPICON_NAME = AppIcon;
				CODE_SIGN_STYLE = Automatic;
				DEVELOPMENT_TEAM = 6BXZLLHFDX;
				INFOPLIST_FILE = MovieApp/Info.plist;
				LD_RUNPATH_SEARCH_PATHS = (
					"$(inherited)",
					"@executable_path/Frameworks",
				);
				PRODUCT_BUNDLE_IDENTIFIER = com.hamza.MovieApp.MovieApp;
				PRODUCT_NAME = "Video Cube";
				SWIFT_VERSION = 5.0;
				TARGETED_DEVICE_FAMILY = "1,2";
			};
			name = Release;
		};
/* End XCBuildConfiguration section */

/* Begin XCConfigurationList section */
		B4BEFF7324CF34A2004DB495 /* Build configuration list for PBXProject "MovieApp" */ = {
			isa = XCConfigurationList;
			buildConfigurations = (
				B4BEFF8A24CF34A9004DB495 /* Debug */,
				B4BEFF8B24CF34A9004DB495 /* Release */,
			);
			defaultConfigurationIsVisible = 0;
			defaultConfigurationName = Release;
		};
		B4BEFF8C24CF34A9004DB495 /* Build configuration list for PBXNativeTarget "MovieApp" */ = {
			isa = XCConfigurationList;
			buildConfigurations = (
				B4BEFF8D24CF34A9004DB495 /* Debug */,
				B4BEFF8E24CF34A9004DB495 /* Release */,
			);
			defaultConfigurationIsVisible = 0;
			defaultConfigurationName = Release;
		};
/* End XCConfigurationList section */
	};
	rootObject = B4BEFF7024CF34A2004DB495 /* Project object */;
}
